<<<<<<< HEAD
﻿
Microsoft Visual Studio Solution File, Format Version 12.00
# Visual Studio 15
VisualStudioVersion = 15.0.28307.572
MinimumVisualStudioVersion = 10.0.40219.1
Project("{9092AA53-FB77-4645-B42D-1CCCA6BD08BD}") = "APIMango", "APIMango\APIMango.njsproj", "{C49DAD4F-CE45-40AF-B563-B1CF42BD520B}"
EndProject
Global
	GlobalSection(SolutionConfigurationPlatforms) = preSolution
		Debug|Any CPU = Debug|Any CPU
		Release|Any CPU = Release|Any CPU
	EndGlobalSection
	GlobalSection(ProjectConfigurationPlatforms) = postSolution
		{C49DAD4F-CE45-40AF-B563-B1CF42BD520B}.Debug|Any CPU.ActiveCfg = Debug|Any CPU
		{C49DAD4F-CE45-40AF-B563-B1CF42BD520B}.Debug|Any CPU.Build.0 = Debug|Any CPU
		{C49DAD4F-CE45-40AF-B563-B1CF42BD520B}.Release|Any CPU.ActiveCfg = Release|Any CPU
		{C49DAD4F-CE45-40AF-B563-B1CF42BD520B}.Release|Any CPU.Build.0 = Release|Any CPU
	EndGlobalSection
	GlobalSection(SolutionProperties) = preSolution
		HideSolutionNode = FALSE
	EndGlobalSection
	GlobalSection(ExtensibilityGlobals) = postSolution
		SolutionGuid = {A01D5BB3-006A-4B8B-A323-CAF78D849B95}
	EndGlobalSection
EndGlobal
=======
﻿
Microsoft Visual Studio Solution File, Format Version 12.00
# Visual Studio 15
VisualStudioVersion = 15.0.28307.572
MinimumVisualStudioVersion = 10.0.40219.1
Project("{9092AA53-FB77-4645-B42D-1CCCA6BD08BD}") = "APIMango", "APIMango\APIMango.njsproj", "{C49DAD4F-CE45-40AF-B563-B1CF42BD520B}"
EndProject
Global
	GlobalSection(SolutionConfigurationPlatforms) = preSolution
		Debug|Any CPU = Debug|Any CPU
		Release|Any CPU = Release|Any CPU
	EndGlobalSection
	GlobalSection(ProjectConfigurationPlatforms) = postSolution
		{C49DAD4F-CE45-40AF-B563-B1CF42BD520B}.Debug|Any CPU.ActiveCfg = Debug|Any CPU
		{C49DAD4F-CE45-40AF-B563-B1CF42BD520B}.Debug|Any CPU.Build.0 = Debug|Any CPU
		{C49DAD4F-CE45-40AF-B563-B1CF42BD520B}.Release|Any CPU.ActiveCfg = Release|Any CPU
		{C49DAD4F-CE45-40AF-B563-B1CF42BD520B}.Release|Any CPU.Build.0 = Release|Any CPU
	EndGlobalSection
	GlobalSection(SolutionProperties) = preSolution
		HideSolutionNode = FALSE
	EndGlobalSection
	GlobalSection(ExtensibilityGlobals) = postSolution
		SolutionGuid = {A01D5BB3-006A-4B8B-A323-CAF78D849B95}
	EndGlobalSection
EndGlobal
>>>>>>> 0dbe9447c8379bcc42be2a75373a5e8721852d77
